
Microsoft Visual Studio Solution File, Format Version 12.00
# Visual Studio Version 17
VisualStudioVersion = 17.5.33424.131
MinimumVisualStudioVersion = 10.0.40219.1
Project("{FAE04EC0-301F-11D3-BF4B-00C04F79EFBC}") = "Assignment C#", "Assignment C#.csproj", "{C6835FE2-42B9-4FBE-8B5B-8818F0ECBFAC}"
EndProject
Global
	GlobalSection(SolutionConfigurationPlatforms) = preSolution
		Debug|Any CPU = Debug|Any CPU
		Release|Any CPU = Release|Any CPU
	EndGlobalSection
	GlobalSection(ProjectConfigurationPlatforms) = postSolution
		{C6835FE2-42B9-4FBE-8B5B-8818F0ECBFAC}.Debug|Any CPU.ActiveCfg = Debug|Any CPU
		{C6835FE2-42B9-4FBE-8B5B-8818F0ECBFAC}.Debug|Any CPU.Build.0 = Debug|Any CPU
		{C6835FE2-42B9-4FBE-8B5B-8818F0ECBFAC}.Release|Any CPU.ActiveCfg = Release|Any CPU
		{C6835FE2-42B9-4FBE-8B5B-8818F0ECBFAC}.Release|Any CPU.Build.0 = Release|Any CPU
	EndGlobalSection
	GlobalSection(SolutionProperties) = preSolution
		HideSolutionNode = FALSE
	EndGlobalSection
	GlobalSection(ExtensibilityGlobals) = postSolution
		SolutionGuid = {7B6F19DE-9A2F-4744-AFD7-242933EF8447}
	EndGlobalSection
EndGlobal
